// !$*UTF8*$!
{
	archiveVersion = 1;
	classes = {
	};
	objectVersion = 50;
	objects = {

/* Begin PBXBuildFile section */
		54D4A1C9212396AB00E5C54B /* AppDelegate.swift in Sources */ = {isa = PBXBuildFile; fileRef = 54D4A1C8212396AB00E5C54B /* AppDelegate.swift */; };
		54D4A1CB212396AB00E5C54B /* ViewController.swift in Sources */ = {isa = PBXBuildFile; fileRef = 54D4A1CA212396AB00E5C54B /* ViewController.swift */; };
		54D4A1CE212396AB00E5C54B /* Main.storyboard in Resources */ = {isa = PBXBuildFile; fileRef = 54D4A1CC212396AB00E5C54B /* Main.storyboard */; };
		54D4A1D0212396AD00E5C54B /* Assets.xcassets in Resources */ = {isa = PBXBuildFile; fileRef = 54D4A1CF212396AD00E5C54B /* Assets.xcassets */; };
		54D4A1D3212396AD00E5C54B /* LaunchScreen.storyboard in Resources */ = {isa = PBXBuildFile; fileRef = 54D4A1D1212396AD00E5C54B /* LaunchScreen.storyboard */; };
/* End PBXBuildFile section */

/* Begin PBXFileReference section */
		54D4A1C5212396AB00E5C54B /* Presentation + View Hierarchy.app */ = {isa = PBXFileReference; explicitFileType = wrapper.application; includeInIndex = 0; path = "Presentation + View Hierarchy.app"; sourceTree = BUILT_PRODUCTS_DIR; };
		54D4A1C8212396AB00E5C54B /* AppDelegate.swift */ = {isa = PBXFileReference; lastKnownFileType = sourcecode.swift; path = AppDelegate.swift; sourceTree = "<group>"; };
		54D4A1CA212396AB00E5C54B /* ViewController.swift */ = {isa = PBXFileReference; lastKnownFileType = sourcecode.swift; path = ViewController.swift; sourceTree = "<group>"; };
		54D4A1CD212396AB00E5C54B /* Base */ = {isa = PBXFileReference; lastKnownFileType = file.storyboard; name = Base; path = Base.lproj/Main.storyboard; sourceTree = "<group>"; };
		54D4A1CF212396AD00E5C54B /* Assets.xcassets */ = {isa = PBXFileReference; lastKnownFileType = folder.assetcatalog; path = Assets.xcassets; sourceTree = "<group>"; };
		54D4A1D2212396AD00E5C54B /* Base */ = {isa = PBXFileReference; lastKnownFileType = file.storyboard; name = Base; path = Base.lproj/LaunchScreen.storyboard; sourceTree = "<group>"; };
		54D4A1D4212396AD00E5C54B /* Info.plist */ = {isa = PBXFileReference; lastKnownFileType = text.plist.xml; path = Info.plist; sourceTree = "<group>"; };
/* End PBXFileReference section */

/* Begin PBXFrameworksBuildPhase section */
		54D4A1C2212396AB00E5C54B /* Frameworks */ = {
			isa = PBXFrameworksBuildPhase;
			buildActionMask = 2147483647;
			files = (
			);
			runOnlyForDeploymentPostprocessing = 0;
		};
/* End PBXFrameworksBuildPhase section */

/* Begin PBXGroup section */
		54D4A1BC212396AB00E5C54B = {
			isa = PBXGroup;
			children = (
				54D4A1C7212396AB00E5C54B /* Presentation + View Hierarchy */,
				54D4A1C6212396AB00E5C54B /* Products */,
			);
			sourceTree = "<group>";
		};
		54D4A1C6212396AB00E5C54B /* Products */ = {
			isa = PBXGroup;
			children = (
				54D4A1C5212396AB00E5C54B /* Presentation + View Hierarchy.app */,
			);
			name = Products;
			sourceTree = "<group>";
		};
		54D4A1C7212396AB00E5C54B /* Presentation + View Hierarchy */ = {
			isa = PBXGroup;
			children = (
				54D4A1C8212396AB00E5C54B /* AppDelegate.swift */,
				54D4A1CA212396AB00E5C54B /* ViewController.swift */,
				54D4A1CC212396AB00E5C54B /* Main.storyboard */,
				54D4A1CF212396AD00E5C54B /* Assets.xcassets */,
				54D4A1D1212396AD00E5C54B /* LaunchScreen.storyboard */,
				54D4A1D4212396AD00E5C54B /* Info.plist */,
			);
			path = "Presentation + View Hierarchy";
			sourceTree = "<group>";
		};
/* End PBXGroup section */

/* Begin PBXNativeTarget section */
		54D4A1C4212396AB00E5C54B /* Presentation + View Hierarchy */ = {
			isa = PBXNativeTarget;
			buildConfigurationList = 54D4A1D7212396AD00E5C54B /* Build configuration list for PBXNativeTarget "Presentation + View Hierarchy" */;
			buildPhases = (
				54D4A1C1212396AB00E5C54B /* Sources */,
				54D4A1C2212396AB00E5C54B /* Frameworks */,
				54D4A1C3212396AB00E5C54B /* Resources */,
			);
			buildRules = (
			);
			dependencies = (
			);
			name = "Presentation + View Hierarchy";
			productName = "Presentation + View Hierarchy";
			productReference = 54D4A1C5212396AB00E5C54B /* Presentation + View Hierarchy.app */;
			productType = "com.apple.product-type.application";
		};
/* End PBXNativeTarget section */

/* Begin PBXProject section */
		54D4A1BD212396AB00E5C54B /* Project object */ = {
			isa = PBXProject;
			attributes = {
				LastSwiftUpdateCheck = 0940;
				LastUpgradeCheck = 0940;
				ORGANIZATIONNAME = "Turbolaser LLC";
				TargetAttributes = {
					54D4A1C4212396AB00E5C54B = {
						CreatedOnToolsVersion = 9.4.1;
					};
				};
			};
			buildConfigurationList = 54D4A1C0212396AB00E5C54B /* Build configuration list for PBXProject "Presentation + View Hierarchy" */;
			compatibilityVersion = "Xcode 9.3";
			developmentRegion = en;
			hasScannedForEncodings = 0;
			knownRegions = (
				en,
				Base,
			);
			mainGroup = 54D4A1BC212396AB00E5C54B;
			productRefGroup = 54D4A1C6212396AB00E5C54B /* Products */;
			projectDirPath = "";
			projectRoot = "";
			targets = (
				54D4A1C4212396AB00E5C54B /* Presentation + View Hierarchy */,
			);
		};
/* End PBXProject section */

/* Begin PBXResourcesBuildPhase section */
		54D4A1C3212396AB00E5C54B /* Resources */ = {
			isa = PBXResourcesBuildPhase;
			buildActionMask = 2147483647;
			files = (
				54D4A1D3212396AD00E5C54B /* LaunchScreen.storyboard in Resources */,
				54D4A1D0212396AD00E5C54B /* Assets.xcassets in Resources */,
				54D4A1CE212396AB00E5C54B /* Main.storyboard in Resources */,
			);
			runOnlyForDeploymentPostprocessing = 0;
		};
/* End PBXResourcesBuildPhase section */

/* Begin PBXSourcesBuildPhase section */
		54D4A1C1212396AB00E5C54B /* Sources */ = {
			isa = PBXSourcesBuildPhase;
			buildActionMask = 2147483647;
			files = (
				54D4A1CB212396AB00E5C54B /* ViewController.swift in Sources */,
				54D4A1C9212396AB00E5C54B /* AppDelegate.swift in Sources */,
			);
			runOnlyForDeploymentPostprocessing = 0;
		};
/* End PBXSourcesBuildPhase section */

/* Begin PBXVariantGroup section */
		54D4A1CC212396AB00E5C54B /* Main.storyboard */ = {
			isa = PBXVariantGroup;
			children = (
				54D4A1CD212396AB00E5C54B /* Base */,
			);
			name = Main.storyboard;
			sourceTree = "<group>";
		};
		54D4A1D1212396AD00E5C54B /* LaunchScreen.storyboard */ = {
			isa = PBXVariantGroup;
			children = (
				54D4A1D2212396AD00E5C54B /* Base */,
			);
			name = LaunchScreen.storyboard;
			sourceTree = "<group>";
		};
/* End PBXVariantGroup section */

/* Begin XCBuildConfiguration section */
		54D4A1D5212396AD00E5C54B /* Debug */ = {
			isa = XCBuildConfiguration;
			buildSettings = {
				ALWAYS_SEARCH_USER_PATHS = NO;
				CLANG_ANALYZER_NONNULL = YES;
				CLANG_ANALYZER_NUMBER_OBJECT_CONVERSION = YES_AGGRESSIVE;
				CLANG_CXX_LANGUAGE_STANDARD = "gnu++14";
				CLANG_CXX_LIBRARY = "libc++";
				CLANG_ENABLE_MODULES = YES;
				CLANG_ENABLE_OBJC_ARC = YES;
				CLANG_ENABLE_OBJC_WEAK = YES;
				CLANG_WARN_BLOCK_CAPTURE_AUTORELEASING = YES;
				CLANG_WARN_BOOL_CONVERSION = YES;
				CLANG_WARN_COMMA = YES;
				CLANG_WARN_CONSTANT_CONVERSION = YES;
				CLANG_WARN_DEPRECATED_OBJC_IMPLEMENTATIONS = YES;
				CLANG_WARN_DIRECT_OBJC_ISA_USAGE = YES_ERROR;
				CLANG_WARN_DOCUMENTATION_COMMENTS = YES;
				CLANG_WARN_EMPTY_BODY = YES;
				CLANG_WARN_ENUM_CONVERSION = YES;
				CLANG_WARN_INFINITE_RECURSION = YES;
				CLANG_WARN_INT_CONVERSION = YES;
				CLANG_WARN_NON_LITERAL_NULL_CONVERSION = YES;
				CLANG_WARN_OBJC_IMPLICIT_RETAIN_SELF = YES;
				CLANG_WARN_OBJC_LITERAL_CONVERSION = YES;
				CLANG_WARN_OBJC_ROOT_CLASS = YES_ERROR;
				CLANG_WARN_RANGE_LOOP_ANALYSIS = YES;
				CLANG_WARN_STRICT_PROTOTYPES = YES;
				CLANG_WARN_SUSPICIOUS_MOVE = YES;
				CLANG_WARN_UNGUARDED_AVAILABILITY = YES_AGGRESSIVE;
				CLANG_WARN_UNREACHABLE_CODE = YES;
				CLANG_WARN__DUPLICATE_METHOD_MATCH = YES;
				CODE_SIGN_IDENTITY = "iPhone Developer";
				COPY_PHASE_STRIP = NO;
				DEBUG_INFORMATION_FORMAT = dwarf;
				ENABLE_STRICT_OBJC_MSGSEND = YES;
				ENABLE_TESTABILITY = YES;
				GCC_C_LANGUAGE_STANDARD = gnu11;
				GCC_DYNAMIC_NO_PIC = NO;
				GCC_NO_COMMON_BLOCKS = YES;
				GCC_OPTIMIZATION_LEVEL = 0;
				GCC_PREPROCESSOR_DEFINITIONS = (
					"DEBUG=1",
					"$(inherited)",
				);
				GCC_WARN_64_TO_32_BIT_CONVERSION = YES;
				GCC_WARN_ABOUT_RETURN_TYPE = YES_ERROR;
				GCC_WARN_UNDECLARED_SELECTOR = YES;
				GCC_WARN_UNINITIALIZED_AUTOS = YES_AGGRESSIVE;
				GCC_WARN_UNUSED_FUNCTION = YES;
				GCC_WARN_UNUSED_VARIABLE = YES;
				IPHONEOS_DEPLOYMENT_TARGET = 11.4;
				MTL_ENABLE_DEBUG_INFO = YES;
				ONLY_ACTIVE_ARCH = YES;
				SDKROOT = iphoneos;
				SWIFT_ACTIVE_COMPILATION_CONDITIONS = DEBUG;
				SWIFT_OPTIMIZATION_LEVEL = "-Onone";
			};
			name = Debug;
		};
		54D4A1D6212396AD00E5C54B /* Release */ = {
			isa = XCBuildConfiguration;
			buildSettings = {
				ALWAYS_SEARCH_USER_PATHS = NO;
				CLANG_ANALYZER_NONNULL = YES;
				CLANG_ANALYZER_NUMBER_OBJECT_CONVERSION = YES_AGGRESSIVE;
				CLANG_CXX_LANGUAGE_STANDARD = "gnu++14";
				CLANG_CXX_LIBRARY = "libc++";
				CLANG_ENABLE_MODULES = YES;
				CLANG_ENABLE_OBJC_ARC = YES;
				CLANG_ENABLE_OBJC_WEAK = YES;
				CLANG_WARN_BLOCK_CAPTURE_AUTORELEASING = YES;
				CLANG_WARN_BOOL_CONVERSION = YES;
				CLANG_WARN_COMMA = YES;
				CLANG_WARN_CONSTANT_CONVERSION = YES;
				CLANG_WARN_DEPRECATED_OBJC_IMPLEMENTATIONS = YES;
				CLANG_WARN_DIRECT_OBJC_ISA_USAGE = YES_ERROR;
				CLANG_WARN_DOCUMENTATION_COMMENTS = YES;
				CLANG_WARN_EMPTY_BODY = YES;
				CLANG_WARN_ENUM_CONVERSION = YES;
				CLANG_WARN_INFINITE_RECURSION = YES;
				CLANG_WARN_INT_CONVERSION = YES;
				CLANG_WARN_NON_LITERAL_NULL_CONVERSION = YES;
				CLANG_WARN_OBJC_IMPLICIT_RETAIN_SELF = YES;
				CLANG_WARN_OBJC_LITERAL_CONVERSION = YES;
				CLANG_WARN_OBJC_ROOT_CLASS = YES_ERROR;
				CLANG_WARN_RANGE_LOOP_ANALYSIS = YES;
				CLANG_WARN_STRICT_PROTOTYPES = YES;
				CLANG_WARN_SUSPICIOUS_MOVE = YES;
				CLANG_WARN_UNGUARDED_AVAILABILITY = YES_AGGRESSIVE;
				CLANG_WARN_UNREACHABLE_CODE = YES;
				CLANG_WARN__DUPLICATE_METHOD_MATCH = YES;
				CODE_SIGN_IDENTITY = "iPhone Developer";
				COPY_PHASE_STRIP = NO;
				DEBUG_INFORMATION_FORMAT = "dwarf-with-dsym";
				ENABLE_NS_ASSERTIONS = NO;
				ENABLE_STRICT_OBJC_MSGSEND = YES;
				GCC_C_LANGUAGE_STANDARD = gnu11;
				GCC_NO_COMMON_BLOCKS = YES;
				GCC_WARN_64_TO_32_BIT_CONVERSION = YES;
				GCC_WARN_ABOUT_RETURN_TYPE = YES_ERROR;
				GCC_WARN_UNDECLARED_SELECTOR = YES;
				GCC_WARN_UNINITIALIZED_AUTOS = YES_AGGRESSIVE;
				GCC_WARN_UNUSED_FUNCTION = YES;
				GCC_WARN_UNUSED_VARIABLE = YES;
				IPHONEOS_DEPLOYMENT_TARGET = 11.4;
				MTL_ENABLE_DEBUG_INFO = NO;
				SDKROOT = iphoneos;
				SWIFT_COMPILATION_MODE = wholemodule;
				SWIFT_OPTIMIZATION_LEVEL = "-O";
				VALIDATE_PRODUCT = YES;
			};
			name = Release;
		};
		54D4A1D8212396AD00E5C54B /* Debug */ = {
			isa = XCBuildConfiguration;
			buildSettings = {
				ASSETCATALOG_COMPILER_APPICON_NAME = AppIcon;
				CODE_SIGN_STYLE = Automatic;
				DEVELOPMENT_TEAM = EC5T79LVT6;
				INFOPLIST_FILE = "Presentation + View Hierarchy/Info.plist";
				LD_RUNPATH_SEARCH_PATHS = (
					"$(inherited)",
					"@executable_path/Frameworks",
				);
				PRODUCT_BUNDLE_IDENTIFIER = "io.turbolaser.Presentation---View-Hierarchy";
				PRODUCT_NAME = "$(TARGET_NAME)";
				SWIFT_VERSION = 4.0;
				TARGETED_DEVICE_FAMILY = "1,2";
			};
			name = Debug;
		};
		54D4A1D9212396AD00E5C54B /* Release */ = {
			isa = XCBuildConfiguration;
			buildSettings = {
				ASSETCATALOG_COMPILER_APPICON_NAME = AppIcon;
				CODE_SIGN_STYLE = Automatic;
				DEVELOPMENT_TEAM = EC5T79LVT6;
				INFOPLIST_FILE = "Presentation + View Hierarchy/Info.plist";
				LD_RUNPATH_SEARCH_PATHS = (
					"$(inherited)",
					"@executable_path/Frameworks",
				);
				PRODUCT_BUNDLE_IDENTIFIER = "io.turbolaser.Presentation---View-Hierarchy";
				PRODUCT_NAME = "$(TARGET_NAME)";
				SWIFT_VERSION = 4.0;
				TARGETED_DEVICE_FAMILY = "1,2";
			};
			name = Release;
		};
/* End XCBuildConfiguration section */

/* Begin XCConfigurationList section */
		54D4A1C0212396AB00E5C54B /* Build configuration list for PBXProject "Presentation + View Hierarchy" */ = {
			isa = XCConfigurationList;
			buildConfigurations = (
				54D4A1D5212396AD00E5C54B /* Debug */,
				54D4A1D6212396AD00E5C54B /* Release */,
			);
			defaultConfigurationIsVisible = 0;
			defaultConfigurationName = Release;
		};
		54D4A1D7212396AD00E5C54B /* Build configuration list for PBXNativeTarget "Presentation + View Hierarchy" */ = {
			isa = XCConfigurationList;
			buildConfigurations = (
				54D4A1D8212396AD00E5C54B /* Debug */,
				54D4A1D9212396AD00E5C54B /* Release */,
			);
			defaultConfigurationIsVisible = 0;
			defaultConfigurationName = Release;
		};
/* End XCConfigurationList section */
	};
	rootObject = 54D4A1BD212396AB00E5C54B /* Project object */;
}
